version = 1
revision = 3
requires-python = ">=3.14"

[[package]]
name = "anyio"
version = "4.13.0"
source = { registry = "https://pypi.org/simple" }
dependencies = [
    { name = "idna" },
]
sdist = { url = "https://files.pythonhosted.org/packages/19/14/2c5dd9f512b66549ae92767a9c7b330ae88e1932ca57876909410251fe13/anyio-4.13.0.tar.gz", hash = "sha256:334b70e641fd2221c1505b3890c69882fe4a2df910cba14d97019b90b24439dc", size = 231622, upload-time = "2026-03-24T12:59:09.671Z" }
wheels = [
    { url = "https://files.pythonhosted.org/packages/da/42/e921fccf5015463e32a3cf6ee7f980a6ed0f395ceeaa45060b61d86486c2/anyio-4.13.0-py3-none-any.whl", hash = "sha256:08b310f9e24a9594186fd75b4f73f4a4152069e3853f1ed8bfbf58369f4ad708", size = 114353, upload-time = "2026-03-24T12:59:08.246Z" },
]

[[package]]
name = "brotli"
version = "1.2.0"
source = { registry = "https://pypi.org/simple" }
sdist = { url = "https://files.pythonhosted.org/packages/f7/16/c92ca344d646e71a43b8bb353f0a6490d7f6e06210f8554c8f874e454285/brotli-1.2.0.tar.gz", hash = "sha256:e310f77e41941c13340a95976fe66a8a95b01e783d430eeaf7a2f87e0a57dd0a", size = 7388632, upload-time = "2025-11-05T18:39:42.86Z" }
wheels = [
    { url = "https://files.pythonhosted.org/packages/17/e1/298c2ddf786bb7347a1cd71d63a347a79e5712a7c0cba9e3c3458ebd976f/brotli-1.2.0-cp314-cp314-macosx_10_15_universal2.whl", hash = "sha256:6c12dad5cd04530323e723787ff762bac749a7b256a5bece32b2243dd5c27b21", size = 863080, upload-time = "2025-11-05T18:38:45.503Z" },
    { url = "https://files.pythonhosted.org/packages/84/0c/aac98e286ba66868b2b3b50338ffbd85a35c7122e9531a73a37a29763d38/brotli-1.2.0-cp314-cp314-macosx_10_15_x86_64.whl", hash = "sha256:3219bd9e69868e57183316ee19c84e03e8f8b5a1d1f2667e1aa8c2f91cb061ac", size = 445453, upload-time = "2025-11-05T18:38:46.433Z" },
    { url = "https://files.pythonhosted.org/packages/ec/f1/0ca1f3f99ae300372635ab3fe2f7a79fa335fee3d874fa7f9e68575e0e62/brotli-1.2.0-cp314-cp314-manylinux2014_aarch64.manylinux_2_17_aarch64.manylinux_2_28_aarch64.whl", hash = "sha256:963a08f3bebd8b75ac57661045402da15991468a621f014be54e50f53a58d19e", size = 1528168, upload-time = "2025-11-05T18:38:47.371Z" },
    { url = "https://files.pythonhosted.org/packages/d6/a6/2ebfc8f766d46df8d3e65b880a2e220732395e6d7dc312c1e1244b0f074a/brotli-1.2.0-cp314-cp314-manylinux2014_ppc64le.manylinux_2_17_ppc64le.manylinux_2_28_ppc64le.whl", hash = "sha256:9322b9f8656782414b37e6af884146869d46ab85158201d82bab9abbcb971dc7", size = 1627098, upload-time = "2025-11-05T18:38:48.385Z" },
    { url = "https://files.pythonhosted.org/packages/f3/2f/0976d5b097ff8a22163b10617f76b2557f15f0f39d6a0fe1f02b1a53e92b/brotli-1.2.0-cp314-cp314-manylinux2014_x86_64.manylinux_2_17_x86_64.whl", hash = "sha256:cf9cba6f5b78a2071ec6fb1e7bd39acf35071d90a81231d67e92d637776a6a63", size = 1419861, upload-time = "2025-11-05T18:38:49.372Z" },
    { url = "https://files.pythonhosted.org/packages/9c/97/d76df7176a2ce7616ff94c1fb72d307c9a30d2189fe877f3dd99af00ea5a/brotli-1.2.0-cp314-cp314-musllinux_1_2_aarch64.whl", hash = "sha256:7547369c4392b47d30a3467fe8c3330b4f2e0f7730e45e3103d7d636678a808b", size = 1484594, upload-time = "2025-11-05T18:38:50.655Z" },
    { url = "https://files.pythonhosted.org/packages/d3/93/14cf0b1216f43df5609f5b272050b0abd219e0b54ea80b47cef9867b45e7/brotli-1.2.0-cp314-cp314-musllinux_1_2_ppc64le.whl", hash = "sha256:fc1530af5c3c275b8524f2e24841cbe2599d74462455e9bae5109e9ff42e9361", size = 1593455, upload-time = "2025-11-05T18:38:51.624Z" },
    { url = "https://files.pythonhosted.org/packages/b3/73/3183c9e41ca755713bdf2cc1d0810df742c09484e2e1ddd693bee53877c1/brotli-1.2.0-cp314-cp314-musllinux_1_2_x86_64.whl", hash = "sha256:d2d085ded05278d1c7f65560aae97b3160aeb2ea2c0b3e26204856beccb60888", size = 1488164, upload-time = "2025-11-05T18:38:53.079Z" },
    { url = "https://files.pythonhosted.org/packages/64/6a/0c78d8f3a582859236482fd9fa86a65a60328a00983006bcf6d83b7b2253/brotli-1.2.0-cp314-cp314-win32.whl", hash = "sha256:832c115a020e463c2f67664560449a7bea26b0c1fdd690352addad6d0a08714d", size = 339280, upload-time = "2025-11-05T18:38:54.02Z" },
    { url = "https://files.pythonhosted.org/packages/f5/10/56978295c14794b2c12007b07f3e41ba26acda9257457d7085b0bb3bb90c/brotli-1.2.0-cp314-cp314-win_amd64.whl", hash = "sha256:e7c0af964e0b4e3412a0ebf341ea26ec767fa0b4cf81abb5e897c9338b5ad6a3", size = 375639, upload-time = "2025-11-05T18:38:55.67Z" },
]

[[package]]
name = "brotlicffi"
version = "1.2.0.1"
source = { registry = "https://pypi.org/simple" }
dependencies = [
    { name = "cffi" },
]
sdist = { url = "https://files.pythonhosted.org/packages/8a/b6/017dc5f852ed9b8735af77774509271acbf1de02d238377667145fcee01d/brotlicffi-1.2.0.1.tar.gz", hash = "sha256:c20d5c596278307ad06414a6d95a892377ea274a5c6b790c2548c009385d621c", size = 478156, upload-time = "2026-03-05T19:54:11.547Z" }
wheels = [
    { url = "https://files.pythonhosted.org/packages/ef/f9/dfa56316837fa798eac19358351e974de8e1e2ca9475af4cb90293cd6576/brotlicffi-1.2.0.1-cp314-cp314t-macosx_11_0_arm64.whl", hash = "sha256:2c85e65913cf2b79c57a3fdd05b98d9731d9255dc0cb696b09376cc091b9cddd", size = 433046, upload-time = "2026-03-05T19:53:46.209Z" },
    { url = "https://files.pythonhosted.org/packages/4a/f5/f8f492158c76b0d940388801f04f747028971ad5774287bded5f1e53f08d/brotlicffi-1.2.0.1-cp314-cp314t-manylinux2014_aarch64.manylinux_2_17_aarch64.manylinux_2_28_aarch64.whl", hash = "sha256:535f2d05d0273408abc13fc0eebb467afac17b0ad85090c8913690d40207dac5", size = 1541126, upload-time = "2026-03-05T19:53:48.248Z" },
    { url = "https://files.pythonhosted.org/packages/3b/e1/ff87af10ac419600c63e9287a0649c673673ae6b4f2bcf48e96cb2f89f60/brotlicffi-1.2.0.1-cp314-cp314t-manylinux2014_x86_64.manylinux_2_17_x86_64.manylinux_2_28_x86_64.whl", hash = "sha256:ce17eb798ca59ecec67a9bb3fd7a4304e120d1cd02953ce522d959b9a84d58ac", size = 1541983, upload-time = "2026-03-05T19:53:50.317Z" },
    { url = "https://files.pythonhosted.org/packages/47/c0/80ecd9bd45776109fab14040e478bf63e456967c9ddee2353d8330ed8de1/brotlicffi-1.2.0.1-cp314-cp314t-win32.whl", hash = "sha256:3c9544f83cb715d95d7eab3af4adbbef8b2093ad6382288a83b3a25feb1a57ec", size = 349047, upload-time = "2026-03-05T19:53:52.215Z" },
    { url = "https://files.pythonhosted.org/packages/ab/98/13e5b250236a281b6cd9e92a01ee1ae231029fa78faee932ef3766e1cb24/brotlicffi-1.2.0.1-cp314-cp314t-win_amd64.whl", hash = "sha256:625f8115d32ae9c0740d01ea51518437c3fbaa3e78d41cb18459f6f7ac326000", size = 385652, upload-time = "2026-03-05T19:53:53.892Z" },
    { url = "https://files.pythonhosted.org/packages/9a/9f/b98dcd4af47994cee97aebac866996a006a2e5fc1fd1e2b82a8ad95cf09c/brotlicffi-1.2.0.1-cp38-abi3-macosx_11_0_arm64.whl", hash = "sha256:91ba5f0ccc040f6ff8f7efaf839f797723d03ed46acb8ae9408f99ffd2572cf4", size = 432608, upload-time = "2026-03-05T19:53:56.736Z" },
    { url = "https://files.pythonhosted.org/packages/b1/7a/ac4ee56595a061e3718a6d1ea7e921f4df156894acffb28ed88a1fd52022/brotlicffi-1.2.0.1-cp38-abi3-manylinux2014_aarch64.manylinux_2_17_aarch64.manylinux_2_28_aarch64.whl", hash = "sha256:be9a670c6811af30a4bd42d7116dc5895d3b41beaa8ed8a89050447a0181f5ce", size = 1534257, upload-time = "2026-03-05T19:53:58.667Z" },
    { url = "https://files.pythonhosted.org/packages/99/39/e7410db7f6f56de57744ea52a115084ceb2735f4d44973f349bb92136586/brotlicffi-1.2.0.1-cp38-abi3-manylinux2014_x86_64.manylinux_2_17_x86_64.manylinux_2_28_x86_64.whl", hash = "sha256:6f3314a3476f59e5443f9f72a6dff16edc0c3463c9b318feaef04ae3e4683f5a", size = 1536838, upload-time = "2026-03-05T19:54:00.705Z" },
    { url = "https://files.pythonhosted.org/packages/a6/75/6e7977d1935fc3fbb201cbd619be8f2c7aea25d40a096967132854b34708/brotlicffi-1.2.0.1-cp38-abi3-win32.whl", hash = "sha256:82ea52e2b5d3145b6c406ebd3efb0d55db718b7ad996bd70c62cec0439de1187", size = 343337, upload-time = "2026-03-05T19:54:02.446Z" },
    { url = "https://files.pythonhosted.org/packages/d8/ef/e7e485ce5e4ba3843a0a92feb767c7b6098fd6e65ce752918074d175ae71/brotlicffi-1.2.0.1-cp38-abi3-win_amd64.whl", hash = "sha256:da2e82a08e7778b8bc539d27ca03cdd684113e81394bfaaad8d0dfc6a17ddede", size = 379026, upload-time = "2026-03-05T19:54:04.322Z" },
]

[[package]]
name = "certifi"
version = "2026.4.22"
source = { registry = "https://pypi.org/simple" }
sdist = { url = "https://files.pythonhosted.org/packages/25/ee/6caf7a40c36a1220410afe15a1cc64993a1f864871f698c0f93acb72842a/certifi-2026.4.22.tar.gz", hash = "sha256:8d455352a37b71bf76a79caa83a3d6c25afee4a385d632127b6afb3963f1c580", size = 137077, upload-time = "2026-04-22T11:26:11.191Z" }
wheels = [
    { url = "https://files.pythonhosted.org/packages/22/30/7cd8fdcdfbc5b869528b079bfb76dcdf6056b1a2097a662e5e8c04f42965/certifi-2026.4.22-py3-none-any.whl", hash = "sha256:3cb2210c8f88ba2318d29b0388d1023c8492ff72ecdde4ebdaddbb13a31b1c4a", size = 135707, upload-time = "2026-04-22T11:26:09.372Z" },
]

[[package]]
name = "cffi"
version = "2.0.0"
source = { registry = "https://pypi.org/simple" }
dependencies = [
    { name = "pycparser", marker = "implementation_name != 'PyPy'" },
]
sdist = { url = "https://files.pythonhosted.org/packages/eb/56/b1ba7935a17738ae8453301356628e8147c79dbb825bcbc73dc7401f9846/cffi-2.0.0.tar.gz", hash = "sha256:44d1b5909021139fe36001ae048dbdde8214afa20200eda0f64c068cac5d5529", size = 523588, upload-time = "2025-09-08T23:24:04.541Z" }
wheels = [
    { url = "https://files.pythonhosted.org/packages/92/c4/3ce07396253a83250ee98564f8d7e9789fab8e58858f35d07a9a2c78de9f/cffi-2.0.0-cp314-cp314-macosx_10_13_x86_64.whl", hash = "sha256:fc33c5141b55ed366cfaad382df24fe7dcbc686de5be719b207bb248e3053dc5", size = 185320, upload-time = "2025-09-08T23:23:18.087Z" },
    { url = "https://files.pythonhosted.org/packages/59/dd/27e9fa567a23931c838c6b02d0764611c62290062a6d4e8ff7863daf9730/cffi-2.0.0-cp314-cp314-macosx_11_0_arm64.whl", hash = "sha256:c654de545946e0db659b3400168c9ad31b5d29593291482c43e3564effbcee13", size = 181487, upload-time = "2025-09-08T23:23:19.622Z" },
    { url = "https://files.pythonhosted.org/packages/d6/43/0e822876f87ea8a4ef95442c3d766a06a51fc5298823f884ef87aaad168c/cffi-2.0.0-cp314-cp314-manylinux2014_aarch64.manylinux_2_17_aarch64.whl", hash = "sha256:24b6f81f1983e6df8db3adc38562c83f7d4a0c36162885ec7f7b77c7dcbec97b", size = 220049, upload-time = "2025-09-08T23:23:20.853Z" },
    { url = "https://files.pythonhosted.org/packages/b4/89/76799151d9c2d2d1ead63c2429da9ea9d7aac304603de0c6e8764e6e8e70/cffi-2.0.0-cp314-cp314-manylinux2014_ppc64le.manylinux_2_17_ppc64le.whl", hash = "sha256:12873ca6cb9b0f0d3a0da705d6086fe911591737a59f28b7936bdfed27c0d47c", size = 207793, upload-time = "2025-09-08T23:23:22.08Z" },
    { url = "https://files.pythonhosted.org/packages/bb/dd/3465b14bb9e24ee24cb88c9e3730f6de63111fffe513492bf8c808a3547e/cffi-2.0.0-cp314-cp314-manylinux2014_s390x.manylinux_2_17_s390x.whl", hash = "sha256:d9b97165e8aed9272a6bb17c01e3cc5871a594a446ebedc996e2397a1c1ea8ef", size = 206300, upload-time = "2025-09-08T23:23:23.314Z" },
    { url = "https://files.pythonhosted.org/packages/47/d9/d83e293854571c877a92da46fdec39158f8d7e68da75bf73581225d28e90/cffi-2.0.0-cp314-cp314-manylinux2014_x86_64.manylinux_2_17_x86_64.whl", hash = "sha256:afb8db5439b81cf9c9d0c80404b60c3cc9c3add93e114dcae767f1477cb53775", size = 219244, upload-time = "2025-09-08T23:23:24.541Z" },
    { url = "https://files.pythonhosted.org/packages/2b/0f/1f177e3683aead2bb00f7679a16451d302c436b5cbf2505f0ea8146ef59e/cffi-2.0.0-cp314-cp314-musllinux_1_2_aarch64.whl", hash = "sha256:737fe7d37e1a1bffe70bd5754ea763a62a066dc5913ca57e957824b72a85e205", size = 222828, upload-time = "2025-09-08T23:23:26.143Z" },
    { url = "https://files.pythonhosted.org/packages/c6/0f/cafacebd4b040e3119dcb32fed8bdef8dfe94da653155f9d0b9dc660166e/cffi-2.0.0-cp314-cp314-musllinux_1_2_x86_64.whl", hash = "sha256:38100abb9d1b1435bc4cc340bb4489635dc2f0da7456590877030c9b3d40b0c1", size = 220926, upload-time = "2025-09-08T23:23:27.873Z" },
    { url = "https://files.pythonhosted.org/packages/3e/aa/df335faa45b395396fcbc03de2dfcab242cd61a9900e914fe682a59170b1/cffi-2.0.0-cp314-cp314-win32.whl", hash = "sha256:087067fa8953339c723661eda6b54bc98c5625757ea62e95eb4898ad5e776e9f", size = 175328, upload-time = "2025-09-08T23:23:44.61Z" },
    { url = "https://files.pythonhosted.org/packages/bb/92/882c2d30831744296ce713f0feb4c1cd30f346ef747b530b5318715cc367/cffi-2.0.0-cp314-cp314-win_amd64.whl", hash = "sha256:203a48d1fb583fc7d78a4c6655692963b860a417c0528492a6bc21f1aaefab25", size = 185650, upload-time = "2025-09-08T23:23:45.848Z" },
    { url = "https://files.pythonhosted.org/packages/9f/2c/98ece204b9d35a7366b5b2c6539c350313ca13932143e79dc133ba757104/cffi-2.0.0-cp314-cp314-win_arm64.whl", hash = "sha256:dbd5c7a25a7cb98f5ca55d258b103a2054f859a46ae11aaf23134f9cc0d356ad", size = 180687, upload-time = "2025-09-08T23:23:47.105Z" },
    { url = "https://files.pythonhosted.org/packages/3e/61/c768e4d548bfa607abcda77423448df8c471f25dbe64fb2ef6d555eae006/cffi-2.0.0-cp314-cp314t-macosx_10_13_x86_64.whl", hash = "sha256:9a67fc9e8eb39039280526379fb3a70023d77caec1852002b4da7e8b270c4dd9", size = 188773, upload-time = "2025-09-08T23:23:29.347Z" },
    { url = "https://files.pythonhosted.org/packages/2c/ea/5f76bce7cf6fcd0ab1a1058b5af899bfbef198bea4d5686da88471ea0336/cffi-2.0.0-cp314-cp314t-macosx_11_0_arm64.whl", hash = "sha256:7a66c7204d8869299919db4d5069a82f1561581af12b11b3c9f48c584eb8743d", size = 185013, upload-time = "2025-09-08T23:23:30.63Z" },
    { url = "https://files.pythonhosted.org/packages/be/b4/c56878d0d1755cf9caa54ba71e5d049479c52f9e4afc230f06822162ab2f/cffi-2.0.0-cp314-cp314t-manylinux2014_aarch64.manylinux_2_17_aarch64.whl", hash = "sha256:7cc09976e8b56f8cebd752f7113ad07752461f48a58cbba644139015ac24954c", size = 221593, upload-time = "2025-09-08T23:23:31.91Z" },
    { url = "https://files.pythonhosted.org/packages/e0/0d/eb704606dfe8033e7128df5e90fee946bbcb64a04fcdaa97321309004000/cffi-2.0.0-cp314-cp314t-manylinux2014_ppc64le.manylinux_2_17_ppc64le.whl", hash = "sha256:92b68146a71df78564e4ef48af17551a5ddd142e5190cdf2c5624d0c3ff5b2e8", size = 209354, upload-time = "2025-09-08T23:23:33.214Z" },
    { url = "https://files.pythonhosted.org/packages/d8/19/3c435d727b368ca475fb8742ab97c9cb13a0de600ce86f62eab7fa3eea60/cffi-2.0.0-cp314-cp314t-manylinux2014_s390x.manylinux_2_17_s390x.whl", hash = "sha256:b1e74d11748e7e98e2f426ab176d4ed720a64412b6a15054378afdb71e0f37dc", size = 208480, upload-time = "2025-09-08T23:23:34.495Z" },
    { url = "https://files.pythonhosted.org/packages/d0/44/681604464ed9541673e486521497406fadcc15b5217c3e326b061696899a/cffi-2.0.0-cp314-cp314t-manylinux2014_x86_64.manylinux_2_17_x86_64.whl", hash = "sha256:28a3a209b96630bca57cce802da70c266eb08c6e97e5afd61a75611ee6c64592", size = 221584, upload-time = "2025-09-08T23:23:36.096Z" },
    { url = "https://files.pythonhosted.org/packages/25/8e/342a504ff018a2825d395d44d63a767dd8ebc927ebda557fecdaca3ac33a/cffi-2.0.0-cp314-cp314t-musllinux_1_2_aarch64.whl", hash = "sha256:7553fb2090d71822f02c629afe6042c299edf91ba1bf94951165613553984512", size = 224443, upload-time = "2025-09-08T23:23:37.328Z" },
    { url = "https://files.pythonhosted.org/packages/e1/5e/b666bacbbc60fbf415ba9988324a132c9a7a0448a9a8f125074671c0f2c3/cffi-2.0.0-cp314-cp314t-musllinux_1_2_x86_64.whl", hash = "sha256:6c6c373cfc5c83a975506110d17457138c8c63016b563cc9ed6e056a82f13ce4", size = 223437, upload-time = "2025-09-08T23:23:38.945Z" },
    { url = "https://files.pythonhosted.org/packages/a0/1d/ec1a60bd1a10daa292d3cd6bb0b359a81607154fb8165f3ec95fe003b85c/cffi-2.0.0-cp314-cp314t-win32.whl", hash = "sha256:1fc9ea04857caf665289b7a75923f2c6ed559b8298a1b8c49e59f7dd95c8481e", size = 180487, upload-time = "2025-09-08T23:23:40.423Z" },
    { url = "https://files.pythonhosted.org/packages/bf/41/4c1168c74fac325c0c8156f04b6749c8b6a8f405bbf91413ba088359f60d/cffi-2.0.0-cp314-cp314t-win_amd64.whl", hash = "sha256:d68b6cef7827e8641e8ef16f4494edda8b36104d79773a334beaa1e3521430f6", size = 191726, upload-time = "2025-09-08T23:23:41.742Z" },
    { url = "https://files.pythonhosted.org/packages/ae/3a/dbeec9d1ee0844c679f6bb5d6ad4e9f198b1224f4e7a32825f47f6192b0c/cffi-2.0.0-cp314-cp314t-win_arm64.whl", hash = "sha256:0a1527a803f0a659de1af2e1fd700213caba79377e27e4693648c2923da066f9", size = 184195, upload-time = "2025-09-08T23:23:43.004Z" },
]

[[package]]
name = "character-encoding-utils"
version = "0.0.12"
source = { registry = "https://pypi.org/simple" }
sdist = { url = "https://files.pythonhosted.org/packages/8d/33/19993bbe81a0ddc2bc20a57a87169cb8dc1b7b45ced935472823c64a54b1/character_encoding_utils-0.0.12.tar.gz", hash = "sha256:b0e5dda4eedcd84a5b35b24ad56218c7f5dbe54188316f1d6b0d79e15fcda54d", size = 4524, upload-time = "2026-01-04T01:26:31.237Z" }
wheels = [
    { url = "https://files.pythonhosted.org/packages/75/f5/12c5338bf48cc62e5a1ec4b4cf2693864d8865273aa306a9420cfae83fbd/character_encoding_utils-0.0.12-py3-none-any.whl", hash = "sha256:a0e8d553d41245c70ce997653fa58f6ee2777c5cc061f2315b6149f4d46f66ac", size = 8262, upload-time = "2026-01-04T01:26:30.527Z" },
]

[[package]]
name = "colorama"
version = "0.4.6"
source = { registry = "https://pypi.org/simple" }
sdist = { url = "https://files.pythonhosted.org/packages/d8/53/6f443c9a4a8358a93a6792e2acffb9d9d5cb0a5cfd8802644b7b1c9a02e4/colorama-0.4.6.tar.gz", hash = "sha256:08695f5cb7ed6e0531a20572697297273c47b8cae5a63ffc6d6ed5c201be6e44", size = 27697, upload-time = "2022-10-25T02:36:22.414Z" }
wheels = [
    { url = "https://files.pythonhosted.org/packages/d1/d6/3965ed04c63042e047cb6a3e6ed1a63a35087b6a609aa3a15ed8ac56c221/colorama-0.4.6-py2.py3-none-any.whl", hash = "sha256:4f1d9991f5acc0ca119f9d443620b77f9d6b33703e51011c16baf57afb285fc6", size = 25335, upload-time = "2022-10-25T02:36:20.889Z" },
]

[[package]]
name = "fonttools"
version = "4.62.1"
source = { registry = "https://pypi.org/simple" }
sdist = { url = "https://files.pythonhosted.org/packages/9a/08/7012b00a9a5874311b639c3920270c36ee0c445b69d9989a85e5c92ebcb0/fonttools-4.62.1.tar.gz", hash = "sha256:e54c75fd6041f1122476776880f7c3c3295ffa31962dc6ebe2543c00dca58b5d", size = 3580737, upload-time = "2026-03-13T13:54:25.52Z" }
wheels = [
    { url = "https://files.pythonhosted.org/packages/36/f0/2888cdac391807d68d90dcb16ef858ddc1b5309bfc6966195a459dd326e2/fonttools-4.62.1-cp314-cp314-macosx_10_15_universal2.whl", hash = "sha256:fa1d16210b6b10a826d71bed68dd9ec24a9e218d5a5e2797f37c573e7ec215ca", size = 2864442, upload-time = "2026-03-13T13:53:37.509Z" },
    { url = "https://files.pythonhosted.org/packages/4b/b2/e521803081f8dc35990816b82da6360fa668a21b44da4b53fc9e77efcd62/fonttools-4.62.1-cp314-cp314-macosx_10_15_x86_64.whl", hash = "sha256:aa69d10ed420d8121118e628ad47d86e4caa79ba37f968597b958f6cceab7eca", size = 2410901, upload-time = "2026-03-13T13:53:40.55Z" },
    { url = "https://files.pythonhosted.org/packages/00/a4/8c3511ff06e53110039358dbbdc1a65d72157a054638387aa2ada300a8b8/fonttools-4.62.1-cp314-cp314-manylinux2014_aarch64.manylinux_2_17_aarch64.manylinux_2_28_aarch64.whl", hash = "sha256:bd13b7999d59c5eb1c2b442eb2d0c427cb517a0b7a1f5798fc5c9e003f5ff782", size = 4999608, upload-time = "2026-03-13T13:53:42.798Z" },
    { url = "https://files.pythonhosted.org/packages/28/63/cd0c3b26afe60995a5295f37c246a93d454023726c3261cfbb3559969bb9/fonttools-4.62.1-cp314-cp314-manylinux2014_x86_64.manylinux_2_17_x86_64.whl", hash = "sha256:8d337fdd49a79b0d51c4da87bc38169d21c3abbf0c1aa9367eff5c6656fb6dae", size = 4912726, upload-time = "2026-03-13T13:53:45.405Z" },
    { url = "https://files.pythonhosted.org/packages/70/b9/ac677cb07c24c685cf34f64e140617d58789d67a3dd524164b63648c6114/fonttools-4.62.1-cp314-cp314-musllinux_1_2_aarch64.whl", hash = "sha256:d241cdc4a67b5431c6d7f115fdf63335222414995e3a1df1a41e1182acd4bcc7", size = 4951422, upload-time = "2026-03-13T13:53:48.326Z" },
    { url = "https://files.pythonhosted.org/packages/e6/10/11c08419a14b85b7ca9a9faca321accccc8842dd9e0b1c8a72908de05945/fonttools-4.62.1-cp314-cp314-musllinux_1_2_x86_64.whl", hash = "sha256:c05557a78f8fa514da0f869556eeda40887a8abc77c76ee3f74cf241778afd5a", size = 5060979, upload-time = "2026-03-13T13:53:51.366Z" },
    { url = "https://files.pythonhosted.org/packages/4e/3c/12eea4a4cf054e7ab058ed5ceada43b46809fce2bf319017c4d63ae55bb4/fonttools-4.62.1-cp314-cp314-win32.whl", hash = "sha256:49a445d2f544ce4a69338694cad575ba97b9a75fff02720da0882d1a73f12800", size = 2283733, upload-time = "2026-03-13T13:53:53.606Z" },
    { url = "https://files.pythonhosted.org/packages/6b/67/74b070029043186b5dd13462c958cb7c7f811be0d2e634309d9a1ffb1505/fonttools-4.62.1-cp314-cp314-win_amd64.whl", hash = "sha256:1eecc128c86c552fb963fe846ca4e011b1be053728f798185a1687502f6d398e", size = 2335663, upload-time = "2026-03-13T13:53:56.23Z" },
    { url = "https://files.pythonhosted.org/packages/42/c5/4d2ed3ca6e33617fc5624467da353337f06e7f637707478903c785bd8e20/fonttools-4.62.1-cp314-cp314t-macosx_10_15_universal2.whl", hash = "sha256:1596aeaddf7f78e21e68293c011316a25267b3effdaccaf4d59bc9159d681b82", size = 2947288, upload-time = "2026-03-13T13:53:59.397Z" },
    { url = "https://files.pythonhosted.org/packages/1f/e9/7ab11ddfda48ed0f89b13380e5595ba572619c27077be0b2c447a63ff351/fonttools-4.62.1-cp314-cp314t-macosx_10_15_x86_64.whl", hash = "sha256:8f8fca95d3bb3208f59626a4b0ea6e526ee51f5a8ad5d91821c165903e8d9260", size = 2449023, upload-time = "2026-03-13T13:54:01.642Z" },
    { url = "https://files.pythonhosted.org/packages/b2/10/a800fa090b5e8819942e54e19b55fc7c21fe14a08757c3aa3ca8db358939/fonttools-4.62.1-cp314-cp314t-manylinux2014_aarch64.manylinux_2_17_aarch64.manylinux_2_28_aarch64.whl", hash = "sha256:ee91628c08e76f77b533d65feb3fbe6d9dad699f95be51cf0d022db94089cdc4", size = 5137599, upload-time = "2026-03-13T13:54:04.495Z" },
    { url = "https://files.pythonhosted.org/packages/37/dc/8ccd45033fffd74deb6912fa1ca524643f584b94c87a16036855b498a1ed/fonttools-4.62.1-cp314-cp314t-manylinux2014_x86_64.manylinux_2_17_x86_64.whl", hash = "sha256:5f37df1cac61d906e7b836abe356bc2f34c99d4477467755c216b72aa3dc748b", size = 4920933, upload-time = "2026-03-13T13:54:07.557Z" },
    { url = "https://files.pythonhosted.org/packages/99/eb/e618adefb839598d25ac8136cd577925d6c513dc0d931d93b8af956210f0/fonttools-4.62.1-cp314-cp314t-musllinux_1_2_aarch64.whl", hash = "sha256:92bb00a947e666169c99b43753c4305fc95a890a60ef3aeb2a6963e07902cc87", size = 5016232, upload-time = "2026-03-13T13:54:10.611Z" },
    { url = "https://files.pythonhosted.org/packages/d9/5f/9b5c9bfaa8ec82def8d8168c4f13615990d6ce5996fe52bd49bfb5e05134/fonttools-4.62.1-cp314-cp314t-musllinux_1_2_x86_64.whl", hash = "sha256:bdfe592802ef939a0e33106ea4a318eeb17822c7ee168c290273cbd5fabd746c", size = 5042987, upload-time = "2026-03-13T13:54:13.569Z" },
    { url = "https://files.pythonhosted.org/packages/90/aa/dfbbe24c6a6afc5c203d90cc0343e24bcbb09e76d67c4d6eef8c2558d7ba/fonttools-4.62.1-cp314-cp314t-win32.whl", hash = "sha256:b820fcb92d4655513d8402d5b219f94481c4443d825b4372c75a2072aa4b357a", size = 2348021, upload-time = "2026-03-13T13:54:16.98Z" },
    { url = "https://files.pythonhosted.org/packages/13/6f/ae9c4e4dd417948407b680855c2c7790efb52add6009aaecff1e3bc50e8e/fonttools-4.62.1-cp314-cp314t-win_amd64.whl", hash = "sha256:59b372b4f0e113d3746b88985f1c796e7bf830dd54b28374cd85c2b8acd7583e", size = 2414147, upload-time = "2026-03-13T13:54:19.416Z" },
    { url = "https://files.pythonhosted.org/packages/fd/ba/56147c165442cc5ba7e82ecf301c9a68353cede498185869e6e02b4c264f/fonttools-4.62.1-py3-none-any.whl", hash = "sha256:7487782e2113861f4ddcc07c3436450659e3caa5e470b27dc2177cade2d8e7fd", size = 1152647, upload-time = "2026-03-13T13:54:22.735Z" },
]

[package.optional-dependencies]
woff = [
    { name = "brotli", marker = "platform_python_implementation == 'CPython'" },
    { name = "brotlicffi", marker = "platform_python_implementation != 'CPython'" },
    { name = "zopfli" },
]

[[package]]
name = "h11"
version = "0.16.0"
source = { registry = "https://pypi.org/simple" }
sdist = { url = "https://files.pythonhosted.org/packages/01/ee/02a2c011bdab74c6fb3c75474d40b3052059d95df7e73351460c8588d963/h11-0.16.0.tar.gz", hash = "sha256:4e35b956cf45792e4caa5885e69fba00bdbc6ffafbfa020300e549b208ee5ff1", size = 101250, upload-time = "2025-04-24T03:35:25.427Z" }
wheels = [
    { url = "https://files.pythonhosted.org/packages/04/4b/29cac41a4d98d144bf5f6d33995617b185d14b22401f75ca86f384e87ff1/h11-0.16.0-py3-none-any.whl", hash = "sha256:63cf8bbe7522de3bf65932fda1d9c2772064ffb3dae62d55932da54b31cb6c86", size = 37515, upload-time = "2025-04-24T03:35:24.344Z" },
]

[[package]]
name = "h2"
version = "4.3.0"
source = { registry = "https://pypi.org/simple" }
dependencies = [
    { name = "hpack" },
    { name = "hyperframe" },
]
sdist = { url = "https://files.pythonhosted.org/packages/1d/17/afa56379f94ad0fe8defd37d6eb3f89a25404ffc71d4d848893d270325fc/h2-4.3.0.tar.gz", hash = "sha256:6c59efe4323fa18b47a632221a1888bd7fde6249819beda254aeca909f221bf1", size = 2152026, upload-time = "2025-08-23T18:12:19.778Z" }
wheels = [
    { url = "https://files.pythonhosted.org/packages/69/b2/119f6e6dcbd96f9069ce9a2665e0146588dc9f88f29549711853645e736a/h2-4.3.0-py3-none-any.whl", hash = "sha256:c438f029a25f7945c69e0ccf0fb951dc3f73a5f6412981daee861431b70e2bdd", size = 61779, upload-time = "2025-08-23T18:12:17.779Z" },
]

[[package]]
name = "hpack"
version = "4.1.0"
source = { registry = "https://pypi.org/simple" }
sdist = { url = "https://files.pythonhosted.org/packages/2c/48/71de9ed269fdae9c8057e5a4c0aa7402e8bb16f2c6e90b3aa53327b113f8/hpack-4.1.0.tar.gz", hash = "sha256:ec5eca154f7056aa06f196a557655c5b009b382873ac8d1e66e79e87535f1dca", size = 51276, upload-time = "2025-01-22T21:44:58.347Z" }
wheels = [
    { url = "https://files.pythonhosted.org/packages/07/c6/80c95b1b2b94682a72cbdbfb85b81ae2daffa4291fbfa1b1464502ede10d/hpack-4.1.0-py3-none-any.whl", hash = "sha256:157ac792668d995c657d93111f46b4535ed114f0c9c8d672271bbec7eae1b496", size = 34357, upload-time = "2025-01-22T21:44:56.92Z" },
]

[[package]]
name = "httpcore"
version = "1.0.9"
source = { registry = "https://pypi.org/simple" }
dependencies = [
    { name = "certifi" },
    { name = "h11" },
]
sdist = { url = "https://files.pythonhosted.org/packages/06/94/82699a10bca87a5556c9c59b5963f2d039dbd239f25bc2a63907a05a14cb/httpcore-1.0.9.tar.gz", hash = "sha256:6e34463af53fd2ab5d807f399a9b45ea31c3dfa2276f15a2c3f00afff6e176e8", size = 85484, upload-time = "2025-04-24T22:06:22.219Z" }
wheels = [
    { url = "https://files.pythonhosted.org/packages/7e/f5/f66802a942d491edb555dd61e3a9961140fd64c90bce1eafd741609d334d/httpcore-1.0.9-py3-none-any.whl", hash = "sha256:2d400746a40668fc9dec9810239072b40b4484b640a8c38fd654a024c7a1bf55", size = 78784, upload-time = "2025-04-24T22:06:20.566Z" },
]

[[package]]
name = "httpx"
version = "0.28.1"
source = { registry = "https://pypi.org/simple" }
dependencies = [
    { name = "anyio" },
    { name = "certifi" },
    { name = "httpcore" },
    { name = "idna" },
]
sdist = { url = "https://files.pythonhosted.org/packages/b1/df/48c586a5fe32a0f01324ee087459e112ebb7224f646c0b5023f5e79e9956/httpx-0.28.1.tar.gz", hash = "sha256:75e98c5f16b0f35b567856f597f06ff2270a374470a5c2392242528e3e3e42fc", size = 141406, upload-time = "2024-12-06T15:37:23.222Z" }
wheels = [
    { url = "https://files.pythonhosted.org/packages/2a/39/e50c7c3a983047577ee07d2a9e53faf5a69493943ec3f6a384bdc792deb2/httpx-0.28.1-py3-none-any.whl", hash = "sha256:d909fcccc110f8c7faf814ca82a9a4d816bc5a6dbfea25d6591d6985b8ba59ad", size = 73517, upload-time = "2024-12-06T15:37:21.509Z" },
]

[package.optional-dependencies]
http2 = [
    { name = "h2" },
]

[[package]]
name = "hyperframe"
version = "6.1.0"
source = { registry = "https://pypi.org/simple" }
sdist = { url = "https://files.pythonhosted.org/packages/02/e7/94f8232d4a74cc99514c13a9f995811485a6903d48e5d952771ef6322e30/hyperframe-6.1.0.tar.gz", hash = "sha256:f630908a00854a7adeabd6382b43923a4c4cd4b821fcb527e6ab9e15382a3b08", size = 26566, upload-time = "2025-01-22T21:41:49.302Z" }
wheels = [
    { url = "https://files.pythonhosted.org/packages/48/30/47d0bf6072f7252e6521f3447ccfa40b421b6824517f82854703d0f5a98b/hyperframe-6.1.0-py3-none-any.whl", hash = "sha256:b03380493a519fce58ea5af42e4a42317bf9bd425596f7a0835ffce80f1a42e5", size = 13007, upload-time = "2025-01-22T21:41:47.295Z" },
]

[[package]]
name = "idna"
version = "3.13"
source = { registry = "https://pypi.org/simple" }
sdist = { url = "https://files.pythonhosted.org/packages/ce/cc/762dfb036166873f0059f3b7de4565e1b5bc3d6f28a414c13da27e442f99/idna-3.13.tar.gz", hash = "sha256:585ea8fe5d69b9181ec1afba340451fba6ba764af97026f92a91d4eef164a242", size = 194210, upload-time = "2026-04-22T16:42:42.314Z" }
wheels = [
    { url = "https://files.pythonhosted.org/packages/5d/13/ad7d7ca3808a898b4612b6fe93cde56b53f3034dcde235acb1f0e1df24c6/idna-3.13-py3-none-any.whl", hash = "sha256:892ea0cde124a99ce773decba204c5552b69c3c67ffd5f232eb7696135bc8bb3", size = 68629, upload-time = "2026-04-22T16:42:40.909Z" },
]

[[package]]
name = "langcodes"
version = "3.5.1"
source = { registry = "https://pypi.org/simple" }
sdist = { url = "https://files.pythonhosted.org/packages/a9/75/f9edc5d72945019312f359e69ded9f82392a81d49c5051ed3209b100c0d2/langcodes-3.5.1.tar.gz", hash = "sha256:40bff315e01b01d11c2ae3928dd4f5cbd74dd38f9bd912c12b9a3606c143f731", size = 191084, upload-time = "2025-12-02T16:22:01.627Z" }
wheels = [
    { url = "https://files.pythonhosted.org/packages/dd/c1/d10b371bcba7abce05e2b33910e39c33cfa496a53f13640b7b8e10bb4d2b/langcodes-3.5.1-py3-none-any.whl", hash = "sha256:b6a9c25c603804e2d169165091d0cdb23934610524a21d226e4f463e8e958a72", size = 183050, upload-time = "2025-12-02T16:21:59.954Z" },
]

[[package]]
name = "loguru"
version = "0.7.3"
source = { registry = "https://pypi.org/simple" }
dependencies = [
    { name = "colorama", marker = "sys_platform == 'win32'" },
    { name = "win32-setctime", marker = "sys_platform == 'win32'" },
]
sdist = { url = "https://files.pythonhosted.org/packages/3a/05/a1dae3dffd1116099471c643b8924f5aa6524411dc6c63fdae648c4f1aca/loguru-0.7.3.tar.gz", hash = "sha256:19480589e77d47b8d85b2c827ad95d49bf31b0dcde16593892eb51dd18706eb6", size = 63559, upload-time = "2024-12-06T11:20:56.608Z" }
wheels = [
    { url = "https://files.pythonhosted.org/packages/0c/29/0348de65b8cc732daa3e33e67806420b2ae89bdce2b04af740289c5c6c8c/loguru-0.7.3-py3-none-any.whl", hash = "sha256:31a33c10c8e1e10422bfd431aeb5d351c7cf7fa671e3c4df004162264b28220c", size = 61595, upload-time = "2024-12-06T11:20:54.538Z" },
]

[[package]]
name = "pycparser"
version = "3.0"
source = { registry = "https://pypi.org/simple" }
sdist = { url = "https://files.pythonhosted.org/packages/1b/7d/92392ff7815c21062bea51aa7b87d45576f649f16458d78b7cf94b9ab2e6/pycparser-3.0.tar.gz", hash = "sha256:600f49d217304a5902ac3c37e1281c9fe94e4d0489de643a9504c5cdfdfc6b29", size = 103492, upload-time = "2026-01-21T14:26:51.89Z" }
wheels = [
    { url = "https://files.pythonhosted.org/packages/0c/c3/44f3fbbfa403ea2a7c779186dc20772604442dde72947e7d01069cbe98e3/pycparser-3.0-py3-none-any.whl", hash = "sha256:b727414169a36b7d524c1c3e31839a521725078d7b2ff038656844266160a992", size = 48172, upload-time = "2026-01-21T14:26:50.693Z" },
]

[[package]]
name = "source-han-mapping-viewer"
version = "0.0.0"
source = { virtual = "." }
dependencies = [
    { name = "character-encoding-utils" },
    { name = "fonttools", extra = ["woff"] },
    { name = "httpx", extra = ["http2"] },
    { name = "loguru" },
    { name = "tqdm" },
    { name = "unidata-blocks" },
]

[package.metadata]
requires-dist = [
    { name = "character-encoding-utils", specifier = "==0.0.12" },
    { name = "fonttools", extras = ["woff"], specifier = "==4.62.1" },
    { name = "httpx", extras = ["http2"], specifier = "==0.28.1" },
    { name = "loguru", specifier = "==0.7.3" },
    { name = "tqdm", specifier = "==4.67.3" },
    { name = "unidata-blocks", specifier = "==0.0.24" },
]

[[package]]
name = "tqdm"
version = "4.67.3"
source = { registry = "https://pypi.org/simple" }
dependencies = [
    { name = "colorama", marker = "sys_platform == 'win32'" },
]
sdist = { url = "https://files.pythonhosted.org/packages/09/a9/6ba95a270c6f1fbcd8dac228323f2777d886cb206987444e4bce66338dd4/tqdm-4.67.3.tar.gz", hash = "sha256:7d825f03f89244ef73f1d4ce193cb1774a8179fd96f31d7e1dcde62092b960bb", size = 169598, upload-time = "2026-02-03T17:35:53.048Z" }
wheels = [
    { url = "https://files.pythonhosted.org/packages/16/e1/3079a9ff9b8e11b846c6ac5c8b5bfb7ff225eee721825310c91b3b50304f/tqdm-4.67.3-py3-none-any.whl", hash = "sha256:ee1e4c0e59148062281c49d80b25b67771a127c85fc9676d3be5f243206826bf", size = 78374, upload-time = "2026-02-03T17:35:50.982Z" },
]

[[package]]
name = "unidata-blocks"
version = "0.0.24"
source = { registry = "https://pypi.org/simple" }
dependencies = [
    { name = "langcodes" },
]
sdist = { url = "https://files.pythonhosted.org/packages/c6/2f/b3e885772999793f58e29c1b607619f465bfe58b0f2fc0e8ad584d920315/unidata_blocks-0.0.24.tar.gz", hash = "sha256:c90256e2ed2ff53ad834f39e12a84e9c272ecab8298f8432d5ac8b05e0a0a761", size = 13728, upload-time = "2026-01-06T04:16:25.696Z" }
wheels = [
    { url = "https://files.pythonhosted.org/packages/4e/00/ca4902d1b03147c270e463095ac11094c4ec8f9eb655e0f979f332cc68f0/unidata_blocks-0.0.24-py3-none-any.whl", hash = "sha256:9ce6448307afdcef54fefc056dfb5d91a89b3d4e8da7b4f7c601ecba35de7818", size = 19115, upload-time = "2026-01-06T04:16:26.844Z" },
]

[[package]]
name = "win32-setctime"
version = "1.2.0"
source = { registry = "https://pypi.org/simple" }
sdist = { url = "https://files.pythonhosted.org/packages/b3/8f/705086c9d734d3b663af0e9bb3d4de6578d08f46b1b101c2442fd9aecaa2/win32_setctime-1.2.0.tar.gz", hash = "sha256:ae1fdf948f5640aae05c511ade119313fb6a30d7eabe25fef9764dca5873c4c0", size = 4867, upload-time = "2024-12-07T15:28:28.314Z" }
wheels = [
    { url = "https://files.pythonhosted.org/packages/e1/07/c6fe3ad3e685340704d314d765b7912993bcb8dc198f0e7a89382d37974b/win32_setctime-1.2.0-py3-none-any.whl", hash = "sha256:95d644c4e708aba81dc3704a116d8cbc974d70b3bdb8be1d150e36be6e9d1390", size = 4083, upload-time = "2024-12-07T15:28:26.465Z" },
]

[[package]]
name = "zopfli"
version = "0.4.1"
source = { registry = "https://pypi.org/simple" }
sdist = { url = "https://files.pythonhosted.org/packages/0a/4d/a8cc1768b2eda3c0c7470bf8059dcb94ef96d45dd91fc6edd29430d44072/zopfli-0.4.1.tar.gz", hash = "sha256:07a5cdc5d1aaa6c288c5d9f5a5383042ba743641abf8e2fd898dcad622d8a38e", size = 179001, upload-time = "2026-02-13T14:17:27.156Z" }
wheels = [
    { url = "https://files.pythonhosted.org/packages/e1/2f/1a7082e9163ae3703b27d571720bf3c954a02a9cf1fdce47c51e70639256/zopfli-0.4.1-cp310-abi3-macosx_10_9_universal2.whl", hash = "sha256:4238d4d746d1095e29c9125490985e0c12ffd3654f54a24af551e2391e936d54", size = 291570, upload-time = "2026-02-13T14:17:12.556Z" },
    { url = "https://files.pythonhosted.org/packages/dd/6f/4a1a88edf9fa0ce102703f38ab4dfb285b7cd2dde5389184264ec759e06e/zopfli-0.4.1-cp310-abi3-manylinux2014_x86_64.manylinux_2_17_x86_64.whl", hash = "sha256:fdfb7ce9f5de37a5b2f75dd2642fd7717956ef2a72e0387302a36d382440db07", size = 829437, upload-time = "2026-02-13T14:17:14.431Z" },
    { url = "https://files.pythonhosted.org/packages/e3/77/d231012ddcaac9d2e184bd7808e106a8a0048855912e2e1c902b3f383413/zopfli-0.4.1-cp310-abi3-manylinux_2_24_aarch64.manylinux_2_28_aarch64.whl", hash = "sha256:d7bcee1b189d64ec33d1e05cfa1b6a1268c29329c382f6ca1bd6245b04925c57", size = 818542, upload-time = "2026-02-13T14:17:16.353Z" },
    { url = "https://files.pythonhosted.org/packages/0d/4e/9b23690c4ca14fbeae2a8f7f6b2006611bf4cd7d5bcb2d9e6c718bd4b0e9/zopfli-0.4.1-cp310-abi3-musllinux_1_2_aarch64.whl", hash = "sha256:27823dc1161a4031d1c25925fd45d9868ec0cbc7692341830a7dcfa25063662c", size = 1778034, upload-time = "2026-02-13T14:17:17.509Z" },
    { url = "https://files.pythonhosted.org/packages/e3/1b/51f7c28d4cde639cac4f5d47ff615548c1d9809f43cbacdd66eba5cd679d/zopfli-0.4.1-cp310-abi3-musllinux_1_2_x86_64.whl", hash = "sha256:5a4c22b6161f47f5bd34637dbaee6735abd287cd64e0d1ce28ef1871bf625f4b", size = 1863957, upload-time = "2026-02-13T14:17:19.259Z" },
    { url = "https://files.pythonhosted.org/packages/ae/4d/1ef17017d38eabe7ae28f18ef0f16d48966cc23a5657e4555fff61704539/zopfli-0.4.1-cp310-abi3-win32.whl", hash = "sha256:a899eca405662a23ae75054affa3517a060362eae1185d3d791c86a50153c4dd", size = 82314, upload-time = "2026-02-13T14:17:20.795Z" },
    { url = "https://files.pythonhosted.org/packages/0f/94/806bc84b389c7d70051d7c9a0179cff52de8b9f8dc2fc25bcf0bca302986/zopfli-0.4.1-cp310-abi3-win_amd64.whl", hash = "sha256:84a31ba9edc921b1d3a4449929394a993888f32d70de3a3617800c428a947b9b", size = 102186, upload-time = "2026-02-13T14:17:21.622Z" },
]
